
Microsoft Visual Studio Solution File, Format Version 12.00
# Visual Studio Version 17
VisualStudioVersion = 17.9.34728.123
MinimumVisualStudioVersion = 10.0.40219.1
Project("{F14B399A-7131-4C87-9E4B-1186C45EF12D}") = "Report Project2", "Report Project2\Report Project2.rptproj", "{944AFDC4-C99F-4F68-8940-88D2A79CA555}"
EndProject
Global
	GlobalSection(SolutionConfigurationPlatforms) = preSolution
		Debug|Default = Debug|Default
		DebugLocal|Default = DebugLocal|Default
		Release|Default = Release|Default
	EndGlobalSection
	GlobalSection(ProjectConfigurationPlatforms) = postSolution
		{944AFDC4-C99F-4F68-8940-88D2A79CA555}.Debug|Default.ActiveCfg = Debug
		{944AFDC4-C99F-4F68-8940-88D2A79CA555}.Debug|Default.Build.0 = Debug
		{944AFDC4-C99F-4F68-8940-88D2A79CA555}.Debug|Default.Deploy.0 = Debug
		{944AFDC4-C99F-4F68-8940-88D2A79CA555}.DebugLocal|Default.ActiveCfg = DebugLocal
		{944AFDC4-C99F-4F68-8940-88D2A79CA555}.DebugLocal|Default.Build.0 = DebugLocal
		{944AFDC4-C99F-4F68-8940-88D2A79CA555}.Release|Default.ActiveCfg = Release
		{944AFDC4-C99F-4F68-8940-88D2A79CA555}.Release|Default.Build.0 = Release
		{944AFDC4-C99F-4F68-8940-88D2A79CA555}.Release|Default.Deploy.0 = Release
	EndGlobalSection
	GlobalSection(SolutionProperties) = preSolution
		HideSolutionNode = FALSE
	EndGlobalSection
	GlobalSection(ExtensibilityGlobals) = postSolution
		SolutionGuid = {D0692E1D-1FF7-471E-A4EB-A529003B4A79}
	EndGlobalSection
EndGlobal
